lockfileVersion: '9.0'

settings:
  autoInstallPeers: true
  excludeLinksFromLockfile: false

importers:

  .:
    dependencies:
      retypeapp:
        specifier: ^3.11.0
        version: 3.11.0

packages:

  retypeapp@3.11.0:
    resolution: {integrity: sha512-emjLMnmAu3jNLUeM+6OEj0CUlW6GmAq2yXEsf2n40YEDEBu7U2n32pLCFpd6w9Y+MIDmV+1rffN96parLT9uZw==}
    hasBin: true

snapshots:

  retypeapp@3.11.0: {}
